
Microsoft Visual Studio Solution File, Format Version 12.00
# Visual Studio Version 17
VisualStudioVersion = 17.5.33502.453
MinimumVisualStudioVersion = 10.0.40219.1
Project("{2150E333-8FDC-42A3-9474-1A3956D46DE8}") = "src", "src", "{87D0F1CD-CCEE-40E6-A4A1-8F4B2B77BF77}"
EndProject
Project("{2150E333-8FDC-42A3-9474-1A3956D46DE8}") = "tests", "tests", "{4A3F954D-3044-4638-80F1-8B272F8CEA3C}"
EndProject
Project("{9A19103F-16F7-4668-BE54-9A1E7A4F7556}") = "NEvo.Core.Tests", "tests\NEvo.Core.Tests\NEvo.Core.Tests.csproj", "{FB7632E3-B2A2-43AB-AF9B-8202B74FB534}"
EndProject
Project("{9A19103F-16F7-4668-BE54-9A1E7A4F7556}") = "NEvo.Messaging.Tests", "tests\NEvo.Messaging.Tests\NEvo.Messaging.Tests.csproj", "{918BF7A5-8393-4C92-85F1-0E299D422F28}"
EndProject
Project("{9A19103F-16F7-4668-BE54-9A1E7A4F7556}") = "NEvo.Core", "src\NEvo.Core\NEvo.Core.csproj", "{EC50EFB3-6F5E-4ECD-B8F9-BF0981133398}"
EndProject
Project("{9A19103F-16F7-4668-BE54-9A1E7A4F7556}") = "NEvo.Messaging", "src\NEvo.Messaging\NEvo.Messaging.csproj", "{C6EFBBC9-9168-4899-A298-2F29CB8F59BF}"
EndProject
Project("{9A19103F-16F7-4668-BE54-9A1E7A4F7556}") = "NEvo.Messaging.Cqrs", "src\NEvo.Messaging.Cqrs\NEvo.Messaging.Cqrs.csproj", "{E0D5F33F-4425-4F88-B430-3E4210E40B83}"
EndProject
Project("{9A19103F-16F7-4668-BE54-9A1E7A4F7556}") = "NEvo.Messaging.EntityFramework", "src\NEvo.Messaging.EntityFramework\NEvo.Messaging.EntityFramework.csproj", "{4F975565-2FD1-44B3-BE6D-5494457EB3E0}"
EndProject
Project("{9A19103F-16F7-4668-BE54-9A1E7A4F7556}") = "NEvo.Messaging.Web", "src\NEvo.Messaging.Web\NEvo.Messaging.Web.csproj", "{85594382-0E50-4627-B9C0-2E07B8F5115F}"
EndProject
Project("{9A19103F-16F7-4668-BE54-9A1E7A4F7556}") = "NEvo.Web", "src\NEvo.Web\NEvo.Web.csproj", "{4008DCE4-D8E9-452F-B860-E98F78500DA1}"
EndProject
Project("{2150E333-8FDC-42A3-9474-1A3956D46DE8}") = "examples", "examples", "{0E7A9182-CBFE-4DB6-8A25-7E21D54E017B}"
EndProject
Project("{2150E333-8FDC-42A3-9474-1A3956D46DE8}") = "ExampleApp", "ExampleApp", "{558BB589-3CF8-4832-97C4-4BA2C8321737}"
EndProject
Project("{9A19103F-16F7-4668-BE54-9A1E7A4F7556}") = "NEvo.ExampleApp.ServiceA.Api", "examples\ExampleApp\NEvo.ExampleApp.ServiceA.Api\NEvo.ExampleApp.ServiceA.Api.csproj", "{90ADCB35-9129-4341-9054-FD7BE3DB6A6B}"
EndProject
Project("{9A19103F-16F7-4668-BE54-9A1E7A4F7556}") = "NEvo.ExampleApp.ServiceB.Api", "examples\ExampleApp\NEvo.ExampleApp.ServiceB.Api\NEvo.ExampleApp.ServiceB.Api.csproj", "{29A3034C-6A31-4EB2-A50B-D45E9B88FAD2}"
EndProject
Global
	GlobalSection(SolutionConfigurationPlatforms) = preSolution
		Debug|Any CPU = Debug|Any CPU
		Release|Any CPU = Release|Any CPU
	EndGlobalSection
	GlobalSection(ProjectConfigurationPlatforms) = postSolution
		{FB7632E3-B2A2-43AB-AF9B-8202B74FB534}.Debug|Any CPU.ActiveCfg = Debug|Any CPU
		{FB7632E3-B2A2-43AB-AF9B-8202B74FB534}.Debug|Any CPU.Build.0 = Debug|Any CPU
		{FB7632E3-B2A2-43AB-AF9B-8202B74FB534}.Release|Any CPU.ActiveCfg = Release|Any CPU
		{FB7632E3-B2A2-43AB-AF9B-8202B74FB534}.Release|Any CPU.Build.0 = Release|Any CPU
		{918BF7A5-8393-4C92-85F1-0E299D422F28}.Debug|Any CPU.ActiveCfg = Debug|Any CPU
		{918BF7A5-8393-4C92-85F1-0E299D422F28}.Debug|Any CPU.Build.0 = Debug|Any CPU
		{918BF7A5-8393-4C92-85F1-0E299D422F28}.Release|Any CPU.ActiveCfg = Release|Any CPU
		{918BF7A5-8393-4C92-85F1-0E299D422F28}.Release|Any CPU.Build.0 = Release|Any CPU
		{EC50EFB3-6F5E-4ECD-B8F9-BF0981133398}.Debug|Any CPU.ActiveCfg = Debug|Any CPU
		{EC50EFB3-6F5E-4ECD-B8F9-BF0981133398}.Debug|Any CPU.Build.0 = Debug|Any CPU
		{EC50EFB3-6F5E-4ECD-B8F9-BF0981133398}.Release|Any CPU.ActiveCfg = Release|Any CPU
		{EC50EFB3-6F5E-4ECD-B8F9-BF0981133398}.Release|Any CPU.Build.0 = Release|Any CPU
		{C6EFBBC9-9168-4899-A298-2F29CB8F59BF}.Debug|Any CPU.ActiveCfg = Debug|Any CPU
		{C6EFBBC9-9168-4899-A298-2F29CB8F59BF}.Debug|Any CPU.Build.0 = Debug|Any CPU
		{C6EFBBC9-9168-4899-A298-2F29CB8F59BF}.Release|Any CPU.ActiveCfg = Release|Any CPU
		{C6EFBBC9-9168-4899-A298-2F29CB8F59BF}.Release|Any CPU.Build.0 = Release|Any CPU
		{E0D5F33F-4425-4F88-B430-3E4210E40B83}.Debug|Any CPU.ActiveCfg = Debug|Any CPU
		{E0D5F33F-4425-4F88-B430-3E4210E40B83}.Debug|Any CPU.Build.0 = Debug|Any CPU
		{E0D5F33F-4425-4F88-B430-3E4210E40B83}.Release|Any CPU.ActiveCfg = Release|Any CPU
		{E0D5F33F-4425-4F88-B430-3E4210E40B83}.Release|Any CPU.Build.0 = Release|Any CPU
		{4F975565-2FD1-44B3-BE6D-5494457EB3E0}.Debug|Any CPU.ActiveCfg = Debug|Any CPU
		{4F975565-2FD1-44B3-BE6D-5494457EB3E0}.Debug|Any CPU.Build.0 = Debug|Any CPU
		{4F975565-2FD1-44B3-BE6D-5494457EB3E0}.Release|Any CPU.ActiveCfg = Release|Any CPU
		{4F975565-2FD1-44B3-BE6D-5494457EB3E0}.Release|Any CPU.Build.0 = Release|Any CPU
		{85594382-0E50-4627-B9C0-2E07B8F5115F}.Debug|Any CPU.ActiveCfg = Debug|Any CPU
		{85594382-0E50-4627-B9C0-2E07B8F5115F}.Debug|Any CPU.Build.0 = Debug|Any CPU
		{85594382-0E50-4627-B9C0-2E07B8F5115F}.Release|Any CPU.ActiveCfg = Release|Any CPU
		{85594382-0E50-4627-B9C0-2E07B8F5115F}.Release|Any CPU.Build.0 = Release|Any CPU
		{4008DCE4-D8E9-452F-B860-E98F78500DA1}.Debug|Any CPU.ActiveCfg = Debug|Any CPU
		{4008DCE4-D8E9-452F-B860-E98F78500DA1}.Debug|Any CPU.Build.0 = Debug|Any CPU
		{4008DCE4-D8E9-452F-B860-E98F78500DA1}.Release|Any CPU.ActiveCfg = Release|Any CPU
		{4008DCE4-D8E9-452F-B860-E98F78500DA1}.Release|Any CPU.Build.0 = Release|Any CPU
		{90ADCB35-9129-4341-9054-FD7BE3DB6A6B}.Debug|Any CPU.ActiveCfg = Debug|Any CPU
		{90ADCB35-9129-4341-9054-FD7BE3DB6A6B}.Debug|Any CPU.Build.0 = Debug|Any CPU
		{90ADCB35-9129-4341-9054-FD7BE3DB6A6B}.Release|Any CPU.ActiveCfg = Release|Any CPU
		{90ADCB35-9129-4341-9054-FD7BE3DB6A6B}.Release|Any CPU.Build.0 = Release|Any CPU
		{29A3034C-6A31-4EB2-A50B-D45E9B88FAD2}.Debug|Any CPU.ActiveCfg = Debug|Any CPU
		{29A3034C-6A31-4EB2-A50B-D45E9B88FAD2}.Debug|Any CPU.Build.0 = Debug|Any CPU
		{29A3034C-6A31-4EB2-A50B-D45E9B88FAD2}.Release|Any CPU.ActiveCfg = Release|Any CPU
		{29A3034C-6A31-4EB2-A50B-D45E9B88FAD2}.Release|Any CPU.Build.0 = Release|Any CPU
	EndGlobalSection
	GlobalSection(SolutionProperties) = preSolution
		HideSolutionNode = FALSE
	EndGlobalSection
	GlobalSection(NestedProjects) = preSolution
		{FB7632E3-B2A2-43AB-AF9B-8202B74FB534} = {4A3F954D-3044-4638-80F1-8B272F8CEA3C}
		{918BF7A5-8393-4C92-85F1-0E299D422F28} = {4A3F954D-3044-4638-80F1-8B272F8CEA3C}
		{EC50EFB3-6F5E-4ECD-B8F9-BF0981133398} = {87D0F1CD-CCEE-40E6-A4A1-8F4B2B77BF77}
		{C6EFBBC9-9168-4899-A298-2F29CB8F59BF} = {87D0F1CD-CCEE-40E6-A4A1-8F4B2B77BF77}
		{E0D5F33F-4425-4F88-B430-3E4210E40B83} = {87D0F1CD-CCEE-40E6-A4A1-8F4B2B77BF77}
		{4F975565-2FD1-44B3-BE6D-5494457EB3E0} = {87D0F1CD-CCEE-40E6-A4A1-8F4B2B77BF77}
		{85594382-0E50-4627-B9C0-2E07B8F5115F} = {87D0F1CD-CCEE-40E6-A4A1-8F4B2B77BF77}
		{4008DCE4-D8E9-452F-B860-E98F78500DA1} = {87D0F1CD-CCEE-40E6-A4A1-8F4B2B77BF77}
		{558BB589-3CF8-4832-97C4-4BA2C8321737} = {0E7A9182-CBFE-4DB6-8A25-7E21D54E017B}
		{90ADCB35-9129-4341-9054-FD7BE3DB6A6B} = {558BB589-3CF8-4832-97C4-4BA2C8321737}
		{29A3034C-6A31-4EB2-A50B-D45E9B88FAD2} = {558BB589-3CF8-4832-97C4-4BA2C8321737}
	EndGlobalSection
	GlobalSection(ExtensibilityGlobals) = postSolution
		SolutionGuid = {07F44DAC-9AD2-42D7-AB3B-453ECA7722DA}
	EndGlobalSection
EndGlobal
